
Microsoft Visual Studio Solution File, Format Version 12.00
# Visual Studio Version 17
VisualStudioVersion = 17.13.36105.23 d17.13
MinimumVisualStudioVersion = 10.0.40219.1
Project("{FAE04EC0-301F-11D3-BF4B-00C04F79EFBC}") = "SimpleWebSite", "SimpleWebSite\SimpleWebSite.csproj", "{190C7AC9-3302-4F30-8A9A-E91FE81EACE6}"
EndProject
Global
	GlobalSection(SolutionConfigurationPlatforms) = preSolution
		Debug|Any CPU = Debug|Any CPU
		Release|Any CPU = Release|Any CPU
	EndGlobalSection
	GlobalSection(ProjectConfigurationPlatforms) = postSolution
		{190C7AC9-3302-4F30-8A9A-E91FE81EACE6}.Debug|Any CPU.ActiveCfg = Debug|Any CPU
		{190C7AC9-3302-4F30-8A9A-E91FE81EACE6}.Debug|Any CPU.Build.0 = Debug|Any CPU
		{190C7AC9-3302-4F30-8A9A-E91FE81EACE6}.Release|Any CPU.ActiveCfg = Release|Any CPU
		{190C7AC9-3302-4F30-8A9A-E91FE81EACE6}.Release|Any CPU.Build.0 = Release|Any CPU
	EndGlobalSection
	GlobalSection(SolutionProperties) = preSolution
		HideSolutionNode = FALSE
	EndGlobalSection
	GlobalSection(ExtensibilityGlobals) = postSolution
		SolutionGuid = {9203687A-CE19-41CE-8DC9-0F437331294E}
	EndGlobalSection
EndGlobal
